
Microsoft Visual Studio Solution File, Format Version 11.00
# Visual Studio 2010
Project("{FAE04EC0-301F-11D3-BF4B-00C04F79EFBC}") = "KinectCatalog", "KinectCatalog\KinectCatalog.csproj", "{7E37CB49-B8E4-48F6-9C15-EBDBBD395A03}"
EndProject
Global
	GlobalSection(SolutionConfigurationPlatforms) = preSolution
		Debug|x86 = Debug|x86
		Release|x86 = Release|x86
	EndGlobalSection
	GlobalSection(ProjectConfigurationPlatforms) = postSolution
		{7E37CB49-B8E4-48F6-9C15-EBDBBD395A03}.Debug|x86.ActiveCfg = Debug|x86
		{7E37CB49-B8E4-48F6-9C15-EBDBBD395A03}.Debug|x86.Build.0 = Debug|x86
		{7E37CB49-B8E4-48F6-9C15-EBDBBD395A03}.Release|x86.ActiveCfg = Release|x86
		{7E37CB49-B8E4-48F6-9C15-EBDBBD395A03}.Release|x86.Build.0 = Release|x86
	EndGlobalSection
	GlobalSection(SolutionProperties) = preSolution
		HideSolutionNode = FALSE
	EndGlobalSection
EndGlobal
